
Microsoft Visual Studio Solution File, Format Version 12.00
# Visual Studio Version 17
VisualStudioVersion = 17.2.32630.192
MinimumVisualStudioVersion = 10.0.40219.1
Project("{FAE04EC0-301F-11D3-BF4B-00C04F79EFBC}") = "BookAPI", "BookAPI\BookAPI.csproj", "{145BF8EF-D825-4FD2-A001-9150D42D6107}"
EndProject
Global
	GlobalSection(SolutionConfigurationPlatforms) = preSolution
		Debug|Any CPU = Debug|Any CPU
		Release|Any CPU = Release|Any CPU
	EndGlobalSection
	GlobalSection(ProjectConfigurationPlatforms) = postSolution
		{145BF8EF-D825-4FD2-A001-9150D42D6107}.Debug|Any CPU.ActiveCfg = Debug|Any CPU
		{145BF8EF-D825-4FD2-A001-9150D42D6107}.Debug|Any CPU.Build.0 = Debug|Any CPU
		{145BF8EF-D825-4FD2-A001-9150D42D6107}.Release|Any CPU.ActiveCfg = Release|Any CPU
		{145BF8EF-D825-4FD2-A001-9150D42D6107}.Release|Any CPU.Build.0 = Release|Any CPU
	EndGlobalSection
	GlobalSection(SolutionProperties) = preSolution
		HideSolutionNode = FALSE
	EndGlobalSection
	GlobalSection(ExtensibilityGlobals) = postSolution
		SolutionGuid = {7A726268-7373-49B0-B403-33E8B4F516F7}
	EndGlobalSection
EndGlobal
